
Microsoft Visual Studio Solution File, Format Version 12.00
# Visual Studio Version 16
VisualStudioVersion = 16.0.30804.86
MinimumVisualStudioVersion = 10.0.40219.1
Project("{9A19103F-16F7-4668-BE54-9A1E7A4F7556}") = "Linq1", "Linq1\Linq1.csproj", "{3B1A927A-0D2B-4C8C-8C92-EC3C2D87A577}"
EndProject
Global
	GlobalSection(SolutionConfigurationPlatforms) = preSolution
		Debug|Any CPU = Debug|Any CPU
		Release|Any CPU = Release|Any CPU
	EndGlobalSection
	GlobalSection(ProjectConfigurationPlatforms) = postSolution
		{3B1A927A-0D2B-4C8C-8C92-EC3C2D87A577}.Debug|Any CPU.ActiveCfg = Debug|Any CPU
		{3B1A927A-0D2B-4C8C-8C92-EC3C2D87A577}.Debug|Any CPU.Build.0 = Debug|Any CPU
		{3B1A927A-0D2B-4C8C-8C92-EC3C2D87A577}.Release|Any CPU.ActiveCfg = Release|Any CPU
		{3B1A927A-0D2B-4C8C-8C92-EC3C2D87A577}.Release|Any CPU.Build.0 = Release|Any CPU
	EndGlobalSection
	GlobalSection(SolutionProperties) = preSolution
		HideSolutionNode = FALSE
	EndGlobalSection
	GlobalSection(ExtensibilityGlobals) = postSolution
		SolutionGuid = {CB71B807-C66C-4453-9505-B3EC4B7A091E}
	EndGlobalSection
EndGlobal
