
Microsoft Visual Studio Solution File, Format Version 12.00
# Visual Studio Version 16
VisualStudioVersion = 16.0.30804.86
MinimumVisualStudioVersion = 10.0.40219.1
Project("{9A19103F-16F7-4668-BE54-9A1E7A4F7556}") = "SomeBusinessService", "SomeBusinesService\SomeBusinessService.csproj", "{D9061689-0D9D-4EDB-B351-D106F8793E8A}"
EndProject
Project("{9A19103F-16F7-4668-BE54-9A1E7A4F7556}") = "SomeBusinessService.Test", "SomeBusinessService.Test\SomeBusinessService.Test.csproj", "{3B4FC45C-F531-4516-91A4-88BAAB71559A}"
EndProject
Global
	GlobalSection(SolutionConfigurationPlatforms) = preSolution
		Debug|Any CPU = Debug|Any CPU
		Release|Any CPU = Release|Any CPU
	EndGlobalSection
	GlobalSection(ProjectConfigurationPlatforms) = postSolution
		{D9061689-0D9D-4EDB-B351-D106F8793E8A}.Debug|Any CPU.ActiveCfg = Debug|Any CPU
		{D9061689-0D9D-4EDB-B351-D106F8793E8A}.Debug|Any CPU.Build.0 = Debug|Any CPU
		{D9061689-0D9D-4EDB-B351-D106F8793E8A}.Release|Any CPU.ActiveCfg = Release|Any CPU
		{D9061689-0D9D-4EDB-B351-D106F8793E8A}.Release|Any CPU.Build.0 = Release|Any CPU
		{3B4FC45C-F531-4516-91A4-88BAAB71559A}.Debug|Any CPU.ActiveCfg = Debug|Any CPU
		{3B4FC45C-F531-4516-91A4-88BAAB71559A}.Debug|Any CPU.Build.0 = Debug|Any CPU
		{3B4FC45C-F531-4516-91A4-88BAAB71559A}.Release|Any CPU.ActiveCfg = Release|Any CPU
		{3B4FC45C-F531-4516-91A4-88BAAB71559A}.Release|Any CPU.Build.0 = Release|Any CPU
	EndGlobalSection
	GlobalSection(SolutionProperties) = preSolution
		HideSolutionNode = FALSE
	EndGlobalSection
	GlobalSection(ExtensibilityGlobals) = postSolution
		SolutionGuid = {CB71B807-C66C-4453-9505-B3EC4B7A091E}
	EndGlobalSection
EndGlobal
