
Microsoft Visual Studio Solution File, Format Version 12.00
# Visual Studio Version 16
VisualStudioVersion = 16.0.30804.86
MinimumVisualStudioVersion = 10.0.40219.1
Project("{FAE04EC0-301F-11D3-BF4B-00C04F79EFBC}") = "PhoneBook", "PhoneBook\PhoneBook.csproj", "{C698813B-FC6B-46AA-96BA-D4D76B1B2196}"
EndProject
Project("{9A19103F-16F7-4668-BE54-9A1E7A4F7556}") = "EducationPortalADO.DAL", "EducationPortalADO.DAL\EducationPortalADO.DAL.csproj", "{6540EC83-E332-4985-B178-EBB4E9157414}"
EndProject
Global
	GlobalSection(SolutionConfigurationPlatforms) = preSolution
		Debug|Any CPU = Debug|Any CPU
		Release|Any CPU = Release|Any CPU
	EndGlobalSection
	GlobalSection(ProjectConfigurationPlatforms) = postSolution
		{C698813B-FC6B-46AA-96BA-D4D76B1B2196}.Debug|Any CPU.ActiveCfg = Debug|Any CPU
		{C698813B-FC6B-46AA-96BA-D4D76B1B2196}.Debug|Any CPU.Build.0 = Debug|Any CPU
		{C698813B-FC6B-46AA-96BA-D4D76B1B2196}.Release|Any CPU.ActiveCfg = Release|Any CPU
		{C698813B-FC6B-46AA-96BA-D4D76B1B2196}.Release|Any CPU.Build.0 = Release|Any CPU
		{6540EC83-E332-4985-B178-EBB4E9157414}.Debug|Any CPU.ActiveCfg = Debug|Any CPU
		{6540EC83-E332-4985-B178-EBB4E9157414}.Debug|Any CPU.Build.0 = Debug|Any CPU
		{6540EC83-E332-4985-B178-EBB4E9157414}.Release|Any CPU.ActiveCfg = Release|Any CPU
		{6540EC83-E332-4985-B178-EBB4E9157414}.Release|Any CPU.Build.0 = Release|Any CPU
	EndGlobalSection
	GlobalSection(SolutionProperties) = preSolution
		HideSolutionNode = FALSE
	EndGlobalSection
	GlobalSection(ExtensibilityGlobals) = postSolution
		SolutionGuid = {CB71B807-C66C-4453-9505-B3EC4B7A091E}
	EndGlobalSection
EndGlobal
